
Microsoft Visual Studio Solution File, Format Version 12.00
# Visual Studio 15
VisualStudioVersion = 15.0.28307.329
MinimumVisualStudioVersion = 10.0.40219.1
Project("{FAE04EC0-301F-11D3-BF4B-00C04F79EFBC}") = "WebitelTask", "WebitelTask\WebitelTask.csproj", "{A3A9B92D-FFFE-41A0-87F9-C5DBCC6D6B45}"
EndProject
Global
	GlobalSection(SolutionConfigurationPlatforms) = preSolution
		Debug|Any CPU = Debug|Any CPU
		Release|Any CPU = Release|Any CPU
	EndGlobalSection
	GlobalSection(ProjectConfigurationPlatforms) = postSolution
		{A3A9B92D-FFFE-41A0-87F9-C5DBCC6D6B45}.Debug|Any CPU.ActiveCfg = Debug|Any CPU
		{A3A9B92D-FFFE-41A0-87F9-C5DBCC6D6B45}.Debug|Any CPU.Build.0 = Debug|Any CPU
		{A3A9B92D-FFFE-41A0-87F9-C5DBCC6D6B45}.Release|Any CPU.ActiveCfg = Release|Any CPU
		{A3A9B92D-FFFE-41A0-87F9-C5DBCC6D6B45}.Release|Any CPU.Build.0 = Release|Any CPU
	EndGlobalSection
	GlobalSection(SolutionProperties) = preSolution
		HideSolutionNode = FALSE
	EndGlobalSection
	GlobalSection(ExtensibilityGlobals) = postSolution
		SolutionGuid = {A9454F70-2E1B-47EE-AC20-49B652DB9F7E}
	EndGlobalSection
EndGlobal
